
Microsoft Visual Studio Solution File, Format Version 12.00
# Visual Studio Version 17
VisualStudioVersion = 17.0.32126.317
MinimumVisualStudioVersion = 10.0.40219.1
Project("{FAE04EC0-301F-11D3-BF4B-00C04F79EFBC}") = "triangulosProva.ConsoleApp", "triangulosProva.ConsoleApp\triangulosProva.ConsoleApp.csproj", "{D3C66BF6-A6B1-49B1-BAE2-1D97FE7A6696}"
EndProject
Global
	GlobalSection(SolutionConfigurationPlatforms) = preSolution
		Debug|Any CPU = Debug|Any CPU
		Release|Any CPU = Release|Any CPU
	EndGlobalSection
	GlobalSection(ProjectConfigurationPlatforms) = postSolution
		{D3C66BF6-A6B1-49B1-BAE2-1D97FE7A6696}.Debug|Any CPU.ActiveCfg = Debug|Any CPU
		{D3C66BF6-A6B1-49B1-BAE2-1D97FE7A6696}.Debug|Any CPU.Build.0 = Debug|Any CPU
		{D3C66BF6-A6B1-49B1-BAE2-1D97FE7A6696}.Release|Any CPU.ActiveCfg = Release|Any CPU
		{D3C66BF6-A6B1-49B1-BAE2-1D97FE7A6696}.Release|Any CPU.Build.0 = Release|Any CPU
	EndGlobalSection
	GlobalSection(SolutionProperties) = preSolution
		HideSolutionNode = FALSE
	EndGlobalSection
	GlobalSection(ExtensibilityGlobals) = postSolution
		SolutionGuid = {A7E2E46F-9380-4D58-B16E-5FC9108A54F5}
	EndGlobalSection
EndGlobal
